{
  "name": "vuejs-small-shop-1",
  "lockfileVersion": 3,
  "requires": true,
  "packages": {
    "": {
      "dependencies": {
        "pinia-plugin-persistedstate": "^4.5.0"
      }
    },
    "node_modules/deep-pick-omit": {
      "version": "1.2.1",
      "resolved": "https://registry.npmjs.org/deep-pick-omit/-/deep-pick-omit-1.2.1.tgz",
      "integrity": "sha512-2J6Kc/m3irCeqVG42T+SaUMesaK7oGWaedGnQQK/+O0gYc+2SP5bKh/KKTE7d7SJ+GCA9UUE1GRzh6oDe0EnGw==",
      "license": "MIT"
    },
    "node_modules/defu": {
      "version": "6.1.4",
      "resolved": "https://registry.npmjs.org/defu/-/defu-6.1.4.tgz",
      "integrity": "sha512-mEQCMmwJu317oSz8CwdIOdwf3xMif1ttiM8LTufzc3g6kR+9Pe236twL8j3IYT1F7GfRgGcW6MWxzZjLIkuHIg==",
      "license": "MIT"
    },
    "node_modules/destr": {
      "version": "2.0.5",
      "resolved": "https://registry.npmjs.org/destr/-/destr-2.0.5.tgz",
      "integrity": "sha512-ugFTXCtDZunbzasqBxrK93Ik/DRYsO6S/fedkWEMKqt04xZ4csmnmwGDBAb07QWNaGMAmnTIemsYZCksjATwsA==",
      "license": "MIT"
    },
    "node_modules/pinia-plugin-persistedstate": {
      "version": "4.5.0",
      "resolved": "https://registry.npmjs.org/pinia-plugin-persistedstate/-/pinia-plugin-persistedstate-4.5.0.tgz",
      "integrity": "sha512-QTkP1xJVyCdr2I2p3AKUZM84/e+IS+HktRxKGAIuDzkyaKKV48mQcYkJFVVDuvTxlI5j6X3oZObpqoVB8JnWpw==",
      "license": "MIT",
      "dependencies": {
        "deep-pick-omit": "^1.2.1",
        "defu": "^6.1.4",
        "destr": "^2.0.5"
      },
      "peerDependencies": {
        "@nuxt/kit": ">=3.0.0",
        "@pinia/nuxt": ">=0.10.0",
        "pinia": ">=3.0.0"
      },
      "peerDependenciesMeta": {
        "@nuxt/kit": {
          "optional": true
        },
        "@pinia/nuxt": {
          "optional": true
        },
        "pinia": {
          "optional": true
        }
      }
    }
  }
}
